
Microsoft Visual Studio Solution File, Format Version 12.00
# Visual Studio 14
VisualStudioVersion = 14.0.25420.1
MinimumVisualStudioVersion = 10.0.40219.1
Project("{2150E333-8FDC-42A3-9474-1A3956D46DE8}") = "UI", "UI", "{1FC97DE9-367D-43A3-AB11-66A772E0A697}"
EndProject
Project("{2150E333-8FDC-42A3-9474-1A3956D46DE8}") = "Domain", "Domain", "{9E8922D7-7EF5-4F22-94CC-3F147722832E}"
EndProject
Project("{FAE04EC0-301F-11D3-BF4B-00C04F79EFBC}") = "BingoUtils.Domain", "BingoUtils.Domain\BingoUtils.Domain.csproj", "{3B745CDF-4C13-44E9-88A7-F8E3CE8E29B5}"
EndProject
Project("{FAE04EC0-301F-11D3-BF4B-00C04F79EFBC}") = "BingoUtils.UI.QuestionsSorter", "BingUtils.UI.QuestionsSorter\BingoUtils.UI.QuestionsSorter.csproj", "{AAFB7CC2-9525-43F5-8712-36724548EF4C}"
EndProject
Project("{2150E333-8FDC-42A3-9474-1A3956D46DE8}") = "Helpers", "Helpers", "{EAD493C3-CBD4-4BE3-BE10-5B67AFAAFE73}"
EndProject
Project("{FAE04EC0-301F-11D3-BF4B-00C04F79EFBC}") = "BingoUtils.Helpers", "BingoUtils.Helpers\BingoUtils.Helpers.csproj", "{365FE43F-816E-4F34-A331-D04B7C433326}"
EndProject
Project("{FAE04EC0-301F-11D3-BF4B-00C04F79EFBC}") = "BingoUtils.UI.BingoPlayer", "BingUtils.UI.BingoPlayer\BingoUtils.UI.BingoPlayer.csproj", "{C6C712F5-21C0-4F10-ACC9-C2D2009CDC04}"
EndProject
Project("{FAE04EC0-301F-11D3-BF4B-00C04F79EFBC}") = "BingoUtils.UI.Shared", "SharedUI\BingoUtils.UI.Shared.csproj", "{387F68E6-9D2D-4043-8CAC-C03BF904F49E}"
EndProject
Project("{2150E333-8FDC-42A3-9474-1A3956D46DE8}") = "_License", "_License", "{E83AC5A5-9275-4CED-B424-1C44B6BC90E6}"
	ProjectSection(SolutionItems) = preProject
		LICENSE.txt = LICENSE.txt
	EndProjectSection
EndProject
Global
	GlobalSection(SolutionConfigurationPlatforms) = preSolution
		CD_ROM|Any CPU = CD_ROM|Any CPU
		Debug|Any CPU = Debug|Any CPU
		DVD-5|Any CPU = DVD-5|Any CPU
		Release|Any CPU = Release|Any CPU
		SingleImage|Any CPU = SingleImage|Any CPU
	EndGlobalSection
	GlobalSection(ProjectConfigurationPlatforms) = postSolution
		{3B745CDF-4C13-44E9-88A7-F8E3CE8E29B5}.CD_ROM|Any CPU.ActiveCfg = Release|Any CPU
		{3B745CDF-4C13-44E9-88A7-F8E3CE8E29B5}.CD_ROM|Any CPU.Build.0 = Release|Any CPU
		{3B745CDF-4C13-44E9-88A7-F8E3CE8E29B5}.Debug|Any CPU.ActiveCfg = Debug|Any CPU
		{3B745CDF-4C13-44E9-88A7-F8E3CE8E29B5}.Debug|Any CPU.Build.0 = Debug|Any CPU
		{3B745CDF-4C13-44E9-88A7-F8E3CE8E29B5}.DVD-5|Any CPU.ActiveCfg = Debug|Any CPU
		{3B745CDF-4C13-44E9-88A7-F8E3CE8E29B5}.DVD-5|Any CPU.Build.0 = Debug|Any CPU
		{3B745CDF-4C13-44E9-88A7-F8E3CE8E29B5}.Release|Any CPU.ActiveCfg = Release|Any CPU
		{3B745CDF-4C13-44E9-88A7-F8E3CE8E29B5}.Release|Any CPU.Build.0 = Release|Any CPU
		{3B745CDF-4C13-44E9-88A7-F8E3CE8E29B5}.SingleImage|Any CPU.ActiveCfg = Release|Any CPU
		{3B745CDF-4C13-44E9-88A7-F8E3CE8E29B5}.SingleImage|Any CPU.Build.0 = Release|Any CPU
		{AAFB7CC2-9525-43F5-8712-36724548EF4C}.CD_ROM|Any CPU.ActiveCfg = Release|Any CPU
		{AAFB7CC2-9525-43F5-8712-36724548EF4C}.CD_ROM|Any CPU.Build.0 = Release|Any CPU
		{AAFB7CC2-9525-43F5-8712-36724548EF4C}.Debug|Any CPU.ActiveCfg = Debug|Any CPU
		{AAFB7CC2-9525-43F5-8712-36724548EF4C}.Debug|Any CPU.Build.0 = Debug|Any CPU
		{AAFB7CC2-9525-43F5-8712-36724548EF4C}.DVD-5|Any CPU.ActiveCfg = Debug|Any CPU
		{AAFB7CC2-9525-43F5-8712-36724548EF4C}.DVD-5|Any CPU.Build.0 = Debug|Any CPU
		{AAFB7CC2-9525-43F5-8712-36724548EF4C}.Release|Any CPU.ActiveCfg = Release|Any CPU
		{AAFB7CC2-9525-43F5-8712-36724548EF4C}.Release|Any CPU.Build.0 = Release|Any CPU
		{AAFB7CC2-9525-43F5-8712-36724548EF4C}.SingleImage|Any CPU.ActiveCfg = Release|Any CPU
		{AAFB7CC2-9525-43F5-8712-36724548EF4C}.SingleImage|Any CPU.Build.0 = Release|Any CPU
		{365FE43F-816E-4F34-A331-D04B7C433326}.CD_ROM|Any CPU.ActiveCfg = Release|Any CPU
		{365FE43F-816E-4F34-A331-D04B7C433326}.CD_ROM|Any CPU.Build.0 = Release|Any CPU
		{365FE43F-816E-4F34-A331-D04B7C433326}.Debug|Any CPU.ActiveCfg = Debug|Any CPU
		{365FE43F-816E-4F34-A331-D04B7C433326}.Debug|Any CPU.Build.0 = Debug|Any CPU
		{365FE43F-816E-4F34-A331-D04B7C433326}.DVD-5|Any CPU.ActiveCfg = Debug|Any CPU
		{365FE43F-816E-4F34-A331-D04B7C433326}.DVD-5|Any CPU.Build.0 = Debug|Any CPU
		{365FE43F-816E-4F34-A331-D04B7C433326}.Release|Any CPU.ActiveCfg = Release|Any CPU
		{365FE43F-816E-4F34-A331-D04B7C433326}.Release|Any CPU.Build.0 = Release|Any CPU
		{365FE43F-816E-4F34-A331-D04B7C433326}.SingleImage|Any CPU.ActiveCfg = Release|Any CPU
		{365FE43F-816E-4F34-A331-D04B7C433326}.SingleImage|Any CPU.Build.0 = Release|Any CPU
		{C6C712F5-21C0-4F10-ACC9-C2D2009CDC04}.CD_ROM|Any CPU.ActiveCfg = Release|Any CPU
		{C6C712F5-21C0-4F10-ACC9-C2D2009CDC04}.CD_ROM|Any CPU.Build.0 = Release|Any CPU
		{C6C712F5-21C0-4F10-ACC9-C2D2009CDC04}.Debug|Any CPU.ActiveCfg = Debug|Any CPU
		{C6C712F5-21C0-4F10-ACC9-C2D2009CDC04}.Debug|Any CPU.Build.0 = Debug|Any CPU
		{C6C712F5-21C0-4F10-ACC9-C2D2009CDC04}.DVD-5|Any CPU.ActiveCfg = Debug|Any CPU
		{C6C712F5-21C0-4F10-ACC9-C2D2009CDC04}.DVD-5|Any CPU.Build.0 = Debug|Any CPU
		{C6C712F5-21C0-4F10-ACC9-C2D2009CDC04}.Release|Any CPU.ActiveCfg = Release|Any CPU
		{C6C712F5-21C0-4F10-ACC9-C2D2009CDC04}.Release|Any CPU.Build.0 = Release|Any CPU
		{C6C712F5-21C0-4F10-ACC9-C2D2009CDC04}.SingleImage|Any CPU.ActiveCfg = Release|Any CPU
		{C6C712F5-21C0-4F10-ACC9-C2D2009CDC04}.SingleImage|Any CPU.Build.0 = Release|Any CPU
		{387F68E6-9D2D-4043-8CAC-C03BF904F49E}.CD_ROM|Any CPU.ActiveCfg = Release|Any CPU
		{387F68E6-9D2D-4043-8CAC-C03BF904F49E}.CD_ROM|Any CPU.Build.0 = Release|Any CPU
		{387F68E6-9D2D-4043-8CAC-C03BF904F49E}.Debug|Any CPU.ActiveCfg = Debug|Any CPU
		{387F68E6-9D2D-4043-8CAC-C03BF904F49E}.Debug|Any CPU.Build.0 = Debug|Any CPU
		{387F68E6-9D2D-4043-8CAC-C03BF904F49E}.DVD-5|Any CPU.ActiveCfg = Debug|Any CPU
		{387F68E6-9D2D-4043-8CAC-C03BF904F49E}.DVD-5|Any CPU.Build.0 = Debug|Any CPU
		{387F68E6-9D2D-4043-8CAC-C03BF904F49E}.Release|Any CPU.ActiveCfg = Release|Any CPU
		{387F68E6-9D2D-4043-8CAC-C03BF904F49E}.Release|Any CPU.Build.0 = Release|Any CPU
		{387F68E6-9D2D-4043-8CAC-C03BF904F49E}.SingleImage|Any CPU.ActiveCfg = Release|Any CPU
		{387F68E6-9D2D-4043-8CAC-C03BF904F49E}.SingleImage|Any CPU.Build.0 = Release|Any CPU
	EndGlobalSection
	GlobalSection(SolutionProperties) = preSolution
		HideSolutionNode = FALSE
	EndGlobalSection
	GlobalSection(NestedProjects) = preSolution
		{3B745CDF-4C13-44E9-88A7-F8E3CE8E29B5} = {9E8922D7-7EF5-4F22-94CC-3F147722832E}
		{AAFB7CC2-9525-43F5-8712-36724548EF4C} = {1FC97DE9-367D-43A3-AB11-66A772E0A697}
		{365FE43F-816E-4F34-A331-D04B7C433326} = {EAD493C3-CBD4-4BE3-BE10-5B67AFAAFE73}
		{C6C712F5-21C0-4F10-ACC9-C2D2009CDC04} = {1FC97DE9-367D-43A3-AB11-66A772E0A697}
		{387F68E6-9D2D-4043-8CAC-C03BF904F49E} = {1FC97DE9-367D-43A3-AB11-66A772E0A697}
	EndGlobalSection
EndGlobal
